// !$*UTF8*$!
{
	archiveVersion = 1;
	classes = {
	};
	objectVersion = 56;
	objects = {

/* Begin PBXBuildFile section */
		B3EB01052A202CB8009F8A66 /* ExplorerApp.swift in Sources */ = {isa = PBXBuildFile; fileRef = B3EB01042A202CB8009F8A66 /* ExplorerApp.swift */; };
		B3EB01072A202CB8009F8A66 /* ContentView.swift in Sources */ = {isa = PBXBuildFile; fileRef = B3EB01062A202CB8009F8A66 /* ContentView.swift */; };
		B3EB01092A202CB9009F8A66 /* Assets.xcassets in Resources */ = {isa = PBXBuildFile; fileRef = B3EB01082A202CB9009F8A66 /* Assets.xcassets */; };
		B3EB010C2A202CB9009F8A66 /* Preview Assets.xcassets in Resources */ = {isa = PBXBuildFile; fileRef = B3EB010B2A202CB9009F8A66 /* Preview Assets.xcassets */; };
		B3EB01162A202CB9009F8A66 /* ExplorerTests.swift in Sources */ = {isa = PBXBuildFile; fileRef = B3EB01152A202CB9009F8A66 /* ExplorerTests.swift */; };
		B3EB01202A202CB9009F8A66 /* ExplorerUITests.swift in Sources */ = {isa = PBXBuildFile; fileRef = B3EB011F2A202CB9009F8A66 /* ExplorerUITests.swift */; };
		B3EB01222A202CB9009F8A66 /* ExplorerUITestsLaunchTests.swift in Sources */ = {isa = PBXBuildFile; fileRef = B3EB01212A202CB9009F8A66 /* ExplorerUITestsLaunchTests.swift */; };
		B3EB01312A202F82009F8A66 /* OpenAIKit in Frameworks */ = {isa = PBXBuildFile; productRef = B3EB01302A202F82009F8A66 /* OpenAIKit */; };
		B3EB01342A203229009F8A66 /* AsyncHTTPClient in Frameworks */ = {isa = PBXBuildFile; productRef = B3EB01332A203229009F8A66 /* AsyncHTTPClient */; };
		B3EB01372A20490A009F8A66 /* Supabase in Frameworks */ = {isa = PBXBuildFile; productRef = B3EB01362A20490A009F8A66 /* Supabase */; };
/* End PBXBuildFile section */

/* Begin PBXContainerItemProxy section */
		B3EB01122A202CB9009F8A66 /* PBXContainerItemProxy */ = {
			isa = PBXContainerItemProxy;
			containerPortal = B3EB00F92A202CB8009F8A66 /* Project object */;
			proxyType = 1;
			remoteGlobalIDString = B3EB01002A202CB8009F8A66;
			remoteInfo = Explorer;
		};
		B3EB011C2A202CB9009F8A66 /* PBXContainerItemProxy */ = {
			isa = PBXContainerItemProxy;
			containerPortal = B3EB00F92A202CB8009F8A66 /* Project object */;
			proxyType = 1;
			remoteGlobalIDString = B3EB01002A202CB8009F8A66;
			remoteInfo = Explorer;
		};
/* End PBXContainerItemProxy section */

/* Begin PBXFileReference section */
		B3EB01012A202CB8009F8A66 /* Explorer.app */ = {isa = PBXFileReference; explicitFileType = wrapper.application; includeInIndex = 0; path = Explorer.app; sourceTree = BUILT_PRODUCTS_DIR; };
		B3EB01042A202CB8009F8A66 /* ExplorerApp.swift */ = {isa = PBXFileReference; lastKnownFileType = sourcecode.swift; path = ExplorerApp.swift; sourceTree = "<group>"; };
		B3EB01062A202CB8009F8A66 /* ContentView.swift */ = {isa = PBXFileReference; lastKnownFileType = sourcecode.swift; path = ContentView.swift; sourceTree = "<group>"; };
		B3EB01082A202CB9009F8A66 /* Assets.xcassets */ = {isa = PBXFileReference; lastKnownFileType = folder.assetcatalog; path = Assets.xcassets; sourceTree = "<group>"; };
		B3EB010B2A202CB9009F8A66 /* Preview Assets.xcassets */ = {isa = PBXFileReference; lastKnownFileType = folder.assetcatalog; path = "Preview Assets.xcassets"; sourceTree = "<group>"; };
		B3EB01112A202CB9009F8A66 /* ExplorerTests.xctest */ = {isa = PBXFileReference; explicitFileType = wrapper.cfbundle; includeInIndex = 0; path = ExplorerTests.xctest; sourceTree = BUILT_PRODUCTS_DIR; };
		B3EB01152A202CB9009F8A66 /* ExplorerTests.swift */ = {isa = PBXFileReference; lastKnownFileType = sourcecode.swift; path = ExplorerTests.swift; sourceTree = "<group>"; };
		B3EB011B2A202CB9009F8A66 /* ExplorerUITests.xctest */ = {isa = PBXFileReference; explicitFileType = wrapper.cfbundle; includeInIndex = 0; path = ExplorerUITests.xctest; sourceTree = BUILT_PRODUCTS_DIR; };
		B3EB011F2A202CB9009F8A66 /* ExplorerUITests.swift */ = {isa = PBXFileReference; lastKnownFileType = sourcecode.swift; path = ExplorerUITests.swift; sourceTree = "<group>"; };
		B3EB01212A202CB9009F8A66 /* ExplorerUITestsLaunchTests.swift */ = {isa = PBXFileReference; lastKnownFileType = sourcecode.swift; path = ExplorerUITestsLaunchTests.swift; sourceTree = "<group>"; };
/* End PBXFileReference section */

/* Begin PBXFrameworksBuildPhase section */
		B3EB00FE2A202CB8009F8A66 /* Frameworks */ = {
			isa = PBXFrameworksBuildPhase;
			buildActionMask = 2147483647;
			files = (
				B3EB01342A203229009F8A66 /* AsyncHTTPClient in Frameworks */,
				B3EB01312A202F82009F8A66 /* OpenAIKit in Frameworks */,
				B3EB01372A20490A009F8A66 /* Supabase in Frameworks */,
			);
			runOnlyForDeploymentPostprocessing = 0;
		};
		B3EB010E2A202CB9009F8A66 /* Frameworks */ = {
			isa = PBXFrameworksBuildPhase;
			buildActionMask = 2147483647;
			files = (
			);
			runOnlyForDeploymentPostprocessing = 0;
		};
		B3EB01182A202CB9009F8A66 /* Frameworks */ = {
			isa = PBXFrameworksBuildPhase;
			buildActionMask = 2147483647;
			files = (
			);
			runOnlyForDeploymentPostprocessing = 0;
		};
/* End PBXFrameworksBuildPhase section */

/* Begin PBXGroup section */
		B3EB00F82A202CB8009F8A66 = {
			isa = PBXGroup;
			children = (
				B3EB01032A202CB8009F8A66 /* Explorer */,
				B3EB01142A202CB9009F8A66 /* ExplorerTests */,
				B3EB011E2A202CB9009F8A66 /* ExplorerUITests */,
				B3EB01022A202CB8009F8A66 /* Products */,
				B3EB012E2A202F4E009F8A66 /* Frameworks */,
			);
			sourceTree = "<group>";
		};
		B3EB01022A202CB8009F8A66 /* Products */ = {
			isa = PBXGroup;
			children = (
				B3EB01012A202CB8009F8A66 /* Explorer.app */,
				B3EB01112A202CB9009F8A66 /* ExplorerTests.xctest */,
				B3EB011B2A202CB9009F8A66 /* ExplorerUITests.xctest */,
			);
			name = Products;
			sourceTree = "<group>";
		};
		B3EB01032A202CB8009F8A66 /* Explorer */ = {
			isa = PBXGroup;
			children = (
				B3EB01042A202CB8009F8A66 /* ExplorerApp.swift */,
				B3EB01062A202CB8009F8A66 /* ContentView.swift */,
				B3EB01082A202CB9009F8A66 /* Assets.xcassets */,
				B3EB010A2A202CB9009F8A66 /* Preview Content */,
			);
			path = Explorer;
			sourceTree = "<group>";
		};
		B3EB010A2A202CB9009F8A66 /* Preview Content */ = {
			isa = PBXGroup;
			children = (
				B3EB010B2A202CB9009F8A66 /* Preview Assets.xcassets */,
			);
			path = "Preview Content";
			sourceTree = "<group>";
		};
		B3EB01142A202CB9009F8A66 /* ExplorerTests */ = {
			isa = PBXGroup;
			children = (
				B3EB01152A202CB9009F8A66 /* ExplorerTests.swift */,
			);
			path = ExplorerTests;
			sourceTree = "<group>";
		};
		B3EB011E2A202CB9009F8A66 /* ExplorerUITests */ = {
			isa = PBXGroup;
			children = (
				B3EB011F2A202CB9009F8A66 /* ExplorerUITests.swift */,
				B3EB01212A202CB9009F8A66 /* ExplorerUITestsLaunchTests.swift */,
			);
			path = ExplorerUITests;
			sourceTree = "<group>";
		};
		B3EB012E2A202F4E009F8A66 /* Frameworks */ = {
			isa = PBXGroup;
			children = (
			);
			name = Frameworks;
			sourceTree = "<group>";
		};
/* End PBXGroup section */

/* Begin PBXNativeTarget section */
		B3EB01002A202CB8009F8A66 /* Explorer */ = {
			isa = PBXNativeTarget;
			buildConfigurationList = B3EB01252A202CB9009F8A66 /* Build configuration list for PBXNativeTarget "Explorer" */;
			buildPhases = (
				B3EB00FD2A202CB8009F8A66 /* Sources */,
				B3EB00FE2A202CB8009F8A66 /* Frameworks */,
				B3EB00FF2A202CB8009F8A66 /* Resources */,
			);
			buildRules = (
			);
			dependencies = (
			);
			name = Explorer;
			packageProductDependencies = (
				B3EB01302A202F82009F8A66 /* OpenAIKit */,
				B3EB01332A203229009F8A66 /* AsyncHTTPClient */,
				B3EB01362A20490A009F8A66 /* Supabase */,
			);
			productName = Explorer;
			productReference = B3EB01012A202CB8009F8A66 /* Explorer.app */;
			productType = "com.apple.product-type.application";
		};
		B3EB01102A202CB9009F8A66 /* ExplorerTests */ = {
			isa = PBXNativeTarget;
			buildConfigurationList = B3EB01282A202CB9009F8A66 /* Build configuration list for PBXNativeTarget "ExplorerTests" */;
			buildPhases = (
				B3EB010D2A202CB9009F8A66 /* Sources */,
				B3EB010E2A202CB9009F8A66 /* Frameworks */,
				B3EB010F2A202CB9009F8A66 /* Resources */,
			);
			buildRules = (
			);
			dependencies = (
				B3EB01132A202CB9009F8A66 /* PBXTargetDependency */,
			);
			name = ExplorerTests;
			productName = ExplorerTests;
			productReference = B3EB01112A202CB9009F8A66 /* ExplorerTests.xctest */;
			productType = "com.apple.product-type.bundle.unit-test";
		};
		B3EB011A2A202CB9009F8A66 /* ExplorerUITests */ = {
			isa = PBXNativeTarget;
			buildConfigurationList = B3EB012B2A202CB9009F8A66 /* Build configuration list for PBXNativeTarget "ExplorerUITests" */;
			buildPhases = (
				B3EB01172A202CB9009F8A66 /* Sources */,
				B3EB01182A202CB9009F8A66 /* Frameworks */,
				B3EB01192A202CB9009F8A66 /* Resources */,
			);
			buildRules = (
			);
			dependencies = (
				B3EB011D2A202CB9009F8A66 /* PBXTargetDependency */,
			);
			name = ExplorerUITests;
			productName = ExplorerUITests;
			productReference = B3EB011B2A202CB9009F8A66 /* ExplorerUITests.xctest */;
			productType = "com.apple.product-type.bundle.ui-testing";
		};
/* End PBXNativeTarget section */

/* Begin PBXProject section */
		B3EB00F92A202CB8009F8A66 /* Project object */ = {
			isa = PBXProject;
			attributes = {
				BuildIndependentTargetsInParallel = 1;
				LastSwiftUpdateCheck = 1430;
				LastUpgradeCheck = 1430;
				TargetAttributes = {
					B3EB01002A202CB8009F8A66 = {
						CreatedOnToolsVersion = 14.3;
					};
					B3EB01102A202CB9009F8A66 = {
						CreatedOnToolsVersion = 14.3;
						TestTargetID = B3EB01002A202CB8009F8A66;
					};
					B3EB011A2A202CB9009F8A66 = {
						CreatedOnToolsVersion = 14.3;
						TestTargetID = B3EB01002A202CB8009F8A66;
					};
				};
			};
			buildConfigurationList = B3EB00FC2A202CB8009F8A66 /* Build configuration list for PBXProject "Explorer" */;
			compatibilityVersion = "Xcode 14.0";
			developmentRegion = en;
			hasScannedForEncodings = 0;
			knownRegions = (
				en,
				Base,
			);
			mainGroup = B3EB00F82A202CB8009F8A66;
			packageReferences = (
				B3EB012F2A202F82009F8A66 /* XCRemoteSwiftPackageReference "openai-kit" */,
				B3EB01322A203229009F8A66 /* XCRemoteSwiftPackageReference "async-http-client" */,
				B3EB01352A20490A009F8A66 /* XCRemoteSwiftPackageReference "supabase-swift" */,
			);
			productRefGroup = B3EB01022A202CB8009F8A66 /* Products */;
			projectDirPath = "";
			projectRoot = "";
			targets = (
				B3EB01002A202CB8009F8A66 /* Explorer */,
				B3EB01102A202CB9009F8A66 /* ExplorerTests */,
				B3EB011A2A202CB9009F8A66 /* ExplorerUITests */,
			);
		};
/* End PBXProject section */

/* Begin PBXResourcesBuildPhase section */
		B3EB00FF2A202CB8009F8A66 /* Resources */ = {
			isa = PBXResourcesBuildPhase;
			buildActionMask = 2147483647;
			files = (
				B3EB010C2A202CB9009F8A66 /* Preview Assets.xcassets in Resources */,
				B3EB01092A202CB9009F8A66 /* Assets.xcassets in Resources */,
			);
			runOnlyForDeploymentPostprocessing = 0;
		};
		B3EB010F2A202CB9009F8A66 /* Resources */ = {
			isa = PBXResourcesBuildPhase;
			buildActionMask = 2147483647;
			files = (
			);
			runOnlyForDeploymentPostprocessing = 0;
		};
		B3EB01192A202CB9009F8A66 /* Resources */ = {
			isa = PBXResourcesBuildPhase;
			buildActionMask = 2147483647;
			files = (
			);
			runOnlyForDeploymentPostprocessing = 0;
		};
/* End PBXResourcesBuildPhase section */

/* Begin PBXSourcesBuildPhase section */
		B3EB00FD2A202CB8009F8A66 /* Sources */ = {
			isa = PBXSourcesBuildPhase;
			buildActionMask = 2147483647;
			files = (
				B3EB01072A202CB8009F8A66 /* ContentView.swift in Sources */,
				B3EB01052A202CB8009F8A66 /* ExplorerApp.swift in Sources */,
			);
			runOnlyForDeploymentPostprocessing = 0;
		};
		B3EB010D2A202CB9009F8A66 /* Sources */ = {
			isa = PBXSourcesBuildPhase;
			buildActionMask = 2147483647;
			files = (
				B3EB01162A202CB9009F8A66 /* ExplorerTests.swift in Sources */,
			);
			runOnlyForDeploymentPostprocessing = 0;
		};
		B3EB01172A202CB9009F8A66 /* Sources */ = {
			isa = PBXSourcesBuildPhase;
			buildActionMask = 2147483647;
			files = (
				B3EB01222A202CB9009F8A66 /* ExplorerUITestsLaunchTests.swift in Sources */,
				B3EB01202A202CB9009F8A66 /* ExplorerUITests.swift in Sources */,
			);
			runOnlyForDeploymentPostprocessing = 0;
		};
/* End PBXSourcesBuildPhase section */

/* Begin PBXTargetDependency section */
		B3EB01132A202CB9009F8A66 /* PBXTargetDependency */ = {
			isa = PBXTargetDependency;
			target = B3EB01002A202CB8009F8A66 /* Explorer */;
			targetProxy = B3EB01122A202CB9009F8A66 /* PBXContainerItemProxy */;
		};
		B3EB011D2A202CB9009F8A66 /* PBXTargetDependency */ = {
			isa = PBXTargetDependency;
			target = B3EB01002A202CB8009F8A66 /* Explorer */;
			targetProxy = B3EB011C2A202CB9009F8A66 /* PBXContainerItemProxy */;
		};
/* End PBXTargetDependency section */

/* Begin XCBuildConfiguration section */
		B3EB01232A202CB9009F8A66 /* Debug */ = {
			isa = XCBuildConfiguration;
			buildSettings = {
				ALWAYS_SEARCH_USER_PATHS = NO;
				CLANG_ANALYZER_NONNULL = YES;
				CLANG_ANALYZER_NUMBER_OBJECT_CONVERSION = YES_AGGRESSIVE;
				CLANG_CXX_LANGUAGE_STANDARD = "gnu++20";
				CLANG_ENABLE_MODULES = YES;
				CLANG_ENABLE_OBJC_ARC = YES;
				CLANG_ENABLE_OBJC_WEAK = YES;
				CLANG_WARN_BLOCK_CAPTURE_AUTORELEASING = YES;
				CLANG_WARN_BOOL_CONVERSION = YES;
				CLANG_WARN_COMMA = YES;
				CLANG_WARN_CONSTANT_CONVERSION = YES;
				CLANG_WARN_DEPRECATED_OBJC_IMPLEMENTATIONS = YES;
				CLANG_WARN_DIRECT_OBJC_ISA_USAGE = YES_ERROR;
				CLANG_WARN_DOCUMENTATION_COMMENTS = YES;
				CLANG_WARN_EMPTY_BODY = YES;
				CLANG_WARN_ENUM_CONVERSION = YES;
				CLANG_WARN_INFINITE_RECURSION = YES;
				CLANG_WARN_INT_CONVERSION = YES;
				CLANG_WARN_NON_LITERAL_NULL_CONVERSION = YES;
				CLANG_WARN_OBJC_IMPLICIT_RETAIN_SELF = YES;
				CLANG_WARN_OBJC_LITERAL_CONVERSION = YES;
				CLANG_WARN_OBJC_ROOT_CLASS = YES_ERROR;
				CLANG_WARN_QUOTED_INCLUDE_IN_FRAMEWORK_HEADER = YES;
				CLANG_WARN_RANGE_LOOP_ANALYSIS = YES;
				CLANG_WARN_STRICT_PROTOTYPES = YES;
				CLANG_WARN_SUSPICIOUS_MOVE = YES;
				CLANG_WARN_UNGUARDED_AVAILABILITY = YES_AGGRESSIVE;
				CLANG_WARN_UNREACHABLE_CODE = YES;
				CLANG_WARN__DUPLICATE_METHOD_MATCH = YES;
				COPY_PHASE_STRIP = NO;
				DEBUG_INFORMATION_FORMAT = dwarf;
				ENABLE_STRICT_OBJC_MSGSEND = YES;
				ENABLE_TESTABILITY = YES;
				GCC_C_LANGUAGE_STANDARD = gnu11;
				GCC_DYNAMIC_NO_PIC = NO;
				GCC_NO_COMMON_BLOCKS = YES;
				GCC_OPTIMIZATION_LEVEL = 0;
				GCC_PREPROCESSOR_DEFINITIONS = (
					"DEBUG=1",
					"$(inherited)",
				);
				GCC_WARN_64_TO_32_BIT_CONVERSION = YES;
				GCC_WARN_ABOUT_RETURN_TYPE = YES_ERROR;
				GCC_WARN_UNDECLARED_SELECTOR = YES;
				GCC_WARN_UNINITIALIZED_AUTOS = YES_AGGRESSIVE;
				GCC_WARN_UNUSED_FUNCTION = YES;
				GCC_WARN_UNUSED_VARIABLE = YES;
				IPHONEOS_DEPLOYMENT_TARGET = 16.4;
				MTL_ENABLE_DEBUG_INFO = INCLUDE_SOURCE;
				MTL_FAST_MATH = YES;
				ONLY_ACTIVE_ARCH = YES;
				SDKROOT = iphoneos;
				SWIFT_ACTIVE_COMPILATION_CONDITIONS = DEBUG;
				SWIFT_OPTIMIZATION_LEVEL = "-Onone";
			};
			name = Debug;
		};
		B3EB01242A202CB9009F8A66 /* Release */ = {
			isa = XCBuildConfiguration;
			buildSettings = {
				ALWAYS_SEARCH_USER_PATHS = NO;
				CLANG_ANALYZER_NONNULL = YES;
				CLANG_ANALYZER_NUMBER_OBJECT_CONVERSION = YES_AGGRESSIVE;
				CLANG_CXX_LANGUAGE_STANDARD = "gnu++20";
				CLANG_ENABLE_MODULES = YES;
				CLANG_ENABLE_OBJC_ARC = YES;
				CLANG_ENABLE_OBJC_WEAK = YES;
				CLANG_WARN_BLOCK_CAPTURE_AUTORELEASING = YES;
				CLANG_WARN_BOOL_CONVERSION = YES;
				CLANG_WARN_COMMA = YES;
				CLANG_WARN_CONSTANT_CONVERSION = YES;
				CLANG_WARN_DEPRECATED_OBJC_IMPLEMENTATIONS = YES;
				CLANG_WARN_DIRECT_OBJC_ISA_USAGE = YES_ERROR;
				CLANG_WARN_DOCUMENTATION_COMMENTS = YES;
				CLANG_WARN_EMPTY_BODY = YES;
				CLANG_WARN_ENUM_CONVERSION = YES;
				CLANG_WARN_INFINITE_RECURSION = YES;
				CLANG_WARN_INT_CONVERSION = YES;
				CLANG_WARN_NON_LITERAL_NULL_CONVERSION = YES;
				CLANG_WARN_OBJC_IMPLICIT_RETAIN_SELF = YES;
				CLANG_WARN_OBJC_LITERAL_CONVERSION = YES;
				CLANG_WARN_OBJC_ROOT_CLASS = YES_ERROR;
				CLANG_WARN_QUOTED_INCLUDE_IN_FRAMEWORK_HEADER = YES;
				CLANG_WARN_RANGE_LOOP_ANALYSIS = YES;
				CLANG_WARN_STRICT_PROTOTYPES = YES;
				CLANG_WARN_SUSPICIOUS_MOVE = YES;
				CLANG_WARN_UNGUARDED_AVAILABILITY = YES_AGGRESSIVE;
				CLANG_WARN_UNREACHABLE_CODE = YES;
				CLANG_WARN__DUPLICATE_METHOD_MATCH = YES;
				COPY_PHASE_STRIP = NO;
				DEBUG_INFORMATION_FORMAT = "dwarf-with-dsym";
				ENABLE_NS_ASSERTIONS = NO;
				ENABLE_STRICT_OBJC_MSGSEND = YES;
				GCC_C_LANGUAGE_STANDARD = gnu11;
				GCC_NO_COMMON_BLOCKS = YES;
				GCC_WARN_64_TO_32_BIT_CONVERSION = YES;
				GCC_WARN_ABOUT_RETURN_TYPE = YES_ERROR;
				GCC_WARN_UNDECLARED_SELECTOR = YES;
				GCC_WARN_UNINITIALIZED_AUTOS = YES_AGGRESSIVE;
				GCC_WARN_UNUSED_FUNCTION = YES;
				GCC_WARN_UNUSED_VARIABLE = YES;
				IPHONEOS_DEPLOYMENT_TARGET = 16.4;
				MTL_ENABLE_DEBUG_INFO = NO;
				MTL_FAST_MATH = YES;
				SDKROOT = iphoneos;
				SWIFT_COMPILATION_MODE = wholemodule;
				SWIFT_OPTIMIZATION_LEVEL = "-O";
				VALIDATE_PRODUCT = YES;
			};
			name = Release;
		};
		B3EB01262A202CB9009F8A66 /* Debug */ = {
			isa = XCBuildConfiguration;
			buildSettings = {
				ASSETCATALOG_COMPILER_APPICON_NAME = AppIcon;
				ASSETCATALOG_COMPILER_GLOBAL_ACCENT_COLOR_NAME = AccentColor;
				CODE_SIGN_STYLE = Automatic;
				CURRENT_PROJECT_VERSION = 1;
				DEVELOPMENT_ASSET_PATHS = "\"Explorer/Preview Content\"";
				DEVELOPMENT_TEAM = MR26CCZ496;
				ENABLE_PREVIEWS = YES;
				GENERATE_INFOPLIST_FILE = YES;
				INFOPLIST_KEY_UIApplicationSceneManifest_Generation = YES;
				INFOPLIST_KEY_UIApplicationSupportsIndirectInputEvents = YES;
				INFOPLIST_KEY_UILaunchScreen_Generation = YES;
				INFOPLIST_KEY_UISupportedInterfaceOrientations_iPad = "UIInterfaceOrientationPortrait UIInterfaceOrientationPortraitUpsideDown UIInterfaceOrientationLandscapeLeft UIInterfaceOrientationLandscapeRight";
				INFOPLIST_KEY_UISupportedInterfaceOrientations_iPhone = "UIInterfaceOrientationPortrait UIInterfaceOrientationLandscapeLeft UIInterfaceOrientationLandscapeRight";
				LD_RUNPATH_SEARCH_PATHS = (
					"$(inherited)",
					"@executable_path/Frameworks",
				);
				MARKETING_VERSION = 1.0;
				PRODUCT_BUNDLE_IDENTIFIER = com.melon.Explorer;
				PRODUCT_NAME = "$(TARGET_NAME)";
				SWIFT_EMIT_LOC_STRINGS = YES;
				SWIFT_VERSION = 5.0;
				TARGETED_DEVICE_FAMILY = "1,2";
			};
			name = Debug;
		};
		B3EB01272A202CB9009F8A66 /* Release */ = {
			isa = XCBuildConfiguration;
			buildSettings = {
				ASSETCATALOG_COMPILER_APPICON_NAME = AppIcon;
				ASSETCATALOG_COMPILER_GLOBAL_ACCENT_COLOR_NAME = AccentColor;
				CODE_SIGN_STYLE = Automatic;
				CURRENT_PROJECT_VERSION = 1;
				DEVELOPMENT_ASSET_PATHS = "\"Explorer/Preview Content\"";
				DEVELOPMENT_TEAM = MR26CCZ496;
				ENABLE_PREVIEWS = YES;
				GENERATE_INFOPLIST_FILE = YES;
				INFOPLIST_KEY_UIApplicationSceneManifest_Generation = YES;
				INFOPLIST_KEY_UIApplicationSupportsIndirectInputEvents = YES;
				INFOPLIST_KEY_UILaunchScreen_Generation = YES;
				INFOPLIST_KEY_UISupportedInterfaceOrientations_iPad = "UIInterfaceOrientationPortrait UIInterfaceOrientationPortraitUpsideDown UIInterfaceOrientationLandscapeLeft UIInterfaceOrientationLandscapeRight";
				INFOPLIST_KEY_UISupportedInterfaceOrientations_iPhone = "UIInterfaceOrientationPortrait UIInterfaceOrientationLandscapeLeft UIInterfaceOrientationLandscapeRight";
				LD_RUNPATH_SEARCH_PATHS = (
					"$(inherited)",
					"@executable_path/Frameworks",
				);
				MARKETING_VERSION = 1.0;
				PRODUCT_BUNDLE_IDENTIFIER = com.melon.Explorer;
				PRODUCT_NAME = "$(TARGET_NAME)";
				SWIFT_EMIT_LOC_STRINGS = YES;
				SWIFT_VERSION = 5.0;
				TARGETED_DEVICE_FAMILY = "1,2";
			};
			name = Release;
		};
		B3EB01292A202CB9009F8A66 /* Debug */ = {
			isa = XCBuildConfiguration;
			buildSettings = {
				ALWAYS_EMBED_SWIFT_STANDARD_LIBRARIES = YES;
				BUNDLE_LOADER = "$(TEST_HOST)";
				CODE_SIGN_STYLE = Automatic;
				CURRENT_PROJECT_VERSION = 1;
				DEVELOPMENT_TEAM = MR26CCZ496;
				GENERATE_INFOPLIST_FILE = YES;
				IPHONEOS_DEPLOYMENT_TARGET = 16.4;
				MARKETING_VERSION = 1.0;
				PRODUCT_BUNDLE_IDENTIFIER = com.melon.ExplorerTests;
				PRODUCT_NAME = "$(TARGET_NAME)";
				SWIFT_EMIT_LOC_STRINGS = NO;
				SWIFT_VERSION = 5.0;
				TARGETED_DEVICE_FAMILY = "1,2";
				TEST_HOST = "$(BUILT_PRODUCTS_DIR)/Explorer.app/$(BUNDLE_EXECUTABLE_FOLDER_PATH)/Explorer";
			};
			name = Debug;
		};
		B3EB012A2A202CB9009F8A66 /* Release */ = {
			isa = XCBuildConfiguration;
			buildSettings = {
				ALWAYS_EMBED_SWIFT_STANDARD_LIBRARIES = YES;
				BUNDLE_LOADER = "$(TEST_HOST)";
				CODE_SIGN_STYLE = Automatic;
				CURRENT_PROJECT_VERSION = 1;
				DEVELOPMENT_TEAM = MR26CCZ496;
				GENERATE_INFOPLIST_FILE = YES;
				IPHONEOS_DEPLOYMENT_TARGET = 16.4;
				MARKETING_VERSION = 1.0;
				PRODUCT_BUNDLE_IDENTIFIER = com.melon.ExplorerTests;
				PRODUCT_NAME = "$(TARGET_NAME)";
				SWIFT_EMIT_LOC_STRINGS = NO;
				SWIFT_VERSION = 5.0;
				TARGETED_DEVICE_FAMILY = "1,2";
				TEST_HOST = "$(BUILT_PRODUCTS_DIR)/Explorer.app/$(BUNDLE_EXECUTABLE_FOLDER_PATH)/Explorer";
			};
			name = Release;
		};
		B3EB012C2A202CB9009F8A66 /* Debug */ = {
			isa = XCBuildConfiguration;
			buildSettings = {
				ALWAYS_EMBED_SWIFT_STANDARD_LIBRARIES = YES;
				CODE_SIGN_STYLE = Automatic;
				CURRENT_PROJECT_VERSION = 1;
				DEVELOPMENT_TEAM = MR26CCZ496;
				GENERATE_INFOPLIST_FILE = YES;
				MARKETING_VERSION = 1.0;
				PRODUCT_BUNDLE_IDENTIFIER = com.melon.ExplorerUITests;
				PRODUCT_NAME = "$(TARGET_NAME)";
				SWIFT_EMIT_LOC_STRINGS = NO;
				SWIFT_VERSION = 5.0;
				TARGETED_DEVICE_FAMILY = "1,2";
				TEST_TARGET_NAME = Explorer;
			};
			name = Debug;
		};
		B3EB012D2A202CB9009F8A66 /* Release */ = {
			isa = XCBuildConfiguration;
			buildSettings = {
				ALWAYS_EMBED_SWIFT_STANDARD_LIBRARIES = YES;
				CODE_SIGN_STYLE = Automatic;
				CURRENT_PROJECT_VERSION = 1;
				DEVELOPMENT_TEAM = MR26CCZ496;
				GENERATE_INFOPLIST_FILE = YES;
				MARKETING_VERSION = 1.0;
				PRODUCT_BUNDLE_IDENTIFIER = com.melon.ExplorerUITests;
				PRODUCT_NAME = "$(TARGET_NAME)";
				SWIFT_EMIT_LOC_STRINGS = NO;
				SWIFT_VERSION = 5.0;
				TARGETED_DEVICE_FAMILY = "1,2";
				TEST_TARGET_NAME = Explorer;
			};
			name = Release;
		};
/* End XCBuildConfiguration section */

/* Begin XCConfigurationList section */
		B3EB00FC2A202CB8009F8A66 /* Build configuration list for PBXProject "Explorer" */ = {
			isa = XCConfigurationList;
			buildConfigurations = (
				B3EB01232A202CB9009F8A66 /* Debug */,
				B3EB01242A202CB9009F8A66 /* Release */,
			);
			defaultConfigurationIsVisible = 0;
			defaultConfigurationName = Release;
		};
		B3EB01252A202CB9009F8A66 /* Build configuration list for PBXNativeTarget "Explorer" */ = {
			isa = XCConfigurationList;
			buildConfigurations = (
				B3EB01262A202CB9009F8A66 /* Debug */,
				B3EB01272A202CB9009F8A66 /* Release */,
			);
			defaultConfigurationIsVisible = 0;
			defaultConfigurationName = Release;
		};
		B3EB01282A202CB9009F8A66 /* Build configuration list for PBXNativeTarget "ExplorerTests" */ = {
			isa = XCConfigurationList;
			buildConfigurations = (
				B3EB01292A202CB9009F8A66 /* Debug */,
				B3EB012A2A202CB9009F8A66 /* Release */,
			);
			defaultConfigurationIsVisible = 0;
			defaultConfigurationName = Release;
		};
		B3EB012B2A202CB9009F8A66 /* Build configuration list for PBXNativeTarget "ExplorerUITests" */ = {
			isa = XCConfigurationList;
			buildConfigurations = (
				B3EB012C2A202CB9009F8A66 /* Debug */,
				B3EB012D2A202CB9009F8A66 /* Release */,
			);
			defaultConfigurationIsVisible = 0;
			defaultConfigurationName = Release;
		};
/* End XCConfigurationList section */

/* Begin XCRemoteSwiftPackageReference section */
		B3EB012F2A202F82009F8A66 /* XCRemoteSwiftPackageReference "openai-kit" */ = {
			isa = XCRemoteSwiftPackageReference;
			repositoryURL = "https://github.com/dylanshine/openai-kit.git";
			requirement = {
				kind = upToNextMajorVersion;
				minimumVersion = 1.0.0;
			};
		};
		B3EB01322A203229009F8A66 /* XCRemoteSwiftPackageReference "async-http-client" */ = {
			isa = XCRemoteSwiftPackageReference;
			repositoryURL = "https://github.com/swift-server/async-http-client.git";
			requirement = {
				kind = upToNextMajorVersion;
				minimumVersion = 1.0.0;
			};
		};
		B3EB01352A20490A009F8A66 /* XCRemoteSwiftPackageReference "supabase-swift" */ = {
			isa = XCRemoteSwiftPackageReference;
			repositoryURL = "https://github.com/supabase/supabase-swift.git";
			requirement = {
				kind = upToNextMajorVersion;
				minimumVersion = 0.2.1;
			};
		};
/* End XCRemoteSwiftPackageReference section */

/* Begin XCSwiftPackageProductDependency section */
		B3EB01302A202F82009F8A66 /* OpenAIKit */ = {
			isa = XCSwiftPackageProductDependency;
			package = B3EB012F2A202F82009F8A66 /* XCRemoteSwiftPackageReference "openai-kit" */;
			productName = OpenAIKit;
		};
		B3EB01332A203229009F8A66 /* AsyncHTTPClient */ = {
			isa = XCSwiftPackageProductDependency;
			package = B3EB01322A203229009F8A66 /* XCRemoteSwiftPackageReference "async-http-client" */;
			productName = AsyncHTTPClient;
		};
		B3EB01362A20490A009F8A66 /* Supabase */ = {
			isa = XCSwiftPackageProductDependency;
			package = B3EB01352A20490A009F8A66 /* XCRemoteSwiftPackageReference "supabase-swift" */;
			productName = Supabase;
		};
/* End XCSwiftPackageProductDependency section */
	};
	rootObject = B3EB00F92A202CB8009F8A66 /* Project object */;
}
